// !$*UTF8*$!
{
	archiveVersion = 1;
	classes = {
	};
	objectVersion = 56;
	objects = {

/* Begin PBXBuildFile section */
		12A26F3C297F83A00080DFC1 /* PeggleApp.swift in Sources */ = {isa = PBXBuildFile; fileRef = 12A26F3B297F83A00080DFC1 /* PeggleApp.swift */; };
		12A26F3E297F83A00080DFC1 /* ContentView.swift in Sources */ = {isa = PBXBuildFile; fileRef = 12A26F3D297F83A00080DFC1 /* ContentView.swift */; };
		12A26F40297F83A00080DFC1 /* Assets.xcassets in Resources */ = {isa = PBXBuildFile; fileRef = 12A26F3F297F83A00080DFC1 /* Assets.xcassets */; };
		12A26F44297F83A00080DFC1 /* Preview Assets.xcassets in Resources */ = {isa = PBXBuildFile; fileRef = 12A26F43297F83A00080DFC1 /* Preview Assets.xcassets */; };
		12A26F4E297F83A10080DFC1 /* PeggleTests.swift in Sources */ = {isa = PBXBuildFile; fileRef = 12A26F4D297F83A10080DFC1 /* PeggleTests.swift */; };
		12A26F58297F83A10080DFC1 /* PeggleUITests.swift in Sources */ = {isa = PBXBuildFile; fileRef = 12A26F57297F83A10080DFC1 /* PeggleUITests.swift */; };
		12A26F5A297F83A10080DFC1 /* PeggleUITestsLaunchTests.swift in Sources */ = {isa = PBXBuildFile; fileRef = 12A26F59297F83A10080DFC1 /* PeggleUITestsLaunchTests.swift */; };
/* End PBXBuildFile section */

/* Begin PBXContainerItemProxy section */
		12A26F4A297F83A10080DFC1 /* PBXContainerItemProxy */ = {
			isa = PBXContainerItemProxy;
			containerPortal = 12A26F30297F839F0080DFC1 /* Project object */;
			proxyType = 1;
			remoteGlobalIDString = 12A26F37297F83A00080DFC1;
			remoteInfo = Peggle;
		};
		12A26F54297F83A10080DFC1 /* PBXContainerItemProxy */ = {
			isa = PBXContainerItemProxy;
			containerPortal = 12A26F30297F839F0080DFC1 /* Project object */;
			proxyType = 1;
			remoteGlobalIDString = 12A26F37297F83A00080DFC1;
			remoteInfo = Peggle;
		};
/* End PBXContainerItemProxy section */

/* Begin PBXFileReference section */
		12A26F38297F83A00080DFC1 /* Peggle.app */ = {isa = PBXFileReference; explicitFileType = wrapper.application; includeInIndex = 0; path = Peggle.app; sourceTree = BUILT_PRODUCTS_DIR; };
		12A26F3B297F83A00080DFC1 /* PeggleApp.swift */ = {isa = PBXFileReference; lastKnownFileType = sourcecode.swift; path = PeggleApp.swift; sourceTree = "<group>"; };
		12A26F3D297F83A00080DFC1 /* ContentView.swift */ = {isa = PBXFileReference; lastKnownFileType = sourcecode.swift; path = ContentView.swift; sourceTree = "<group>"; };
		12A26F3F297F83A00080DFC1 /* Assets.xcassets */ = {isa = PBXFileReference; lastKnownFileType = folder.assetcatalog; path = Assets.xcassets; sourceTree = "<group>"; };
		12A26F41297F83A00080DFC1 /* Peggle.entitlements */ = {isa = PBXFileReference; lastKnownFileType = text.plist.entitlements; path = Peggle.entitlements; sourceTree = "<group>"; };
		12A26F43297F83A00080DFC1 /* Preview Assets.xcassets */ = {isa = PBXFileReference; lastKnownFileType = folder.assetcatalog; path = "Preview Assets.xcassets"; sourceTree = "<group>"; };
		12A26F49297F83A10080DFC1 /* PeggleTests.xctest */ = {isa = PBXFileReference; explicitFileType = wrapper.cfbundle; includeInIndex = 0; path = PeggleTests.xctest; sourceTree = BUILT_PRODUCTS_DIR; };
		12A26F4D297F83A10080DFC1 /* PeggleTests.swift */ = {isa = PBXFileReference; lastKnownFileType = sourcecode.swift; path = PeggleTests.swift; sourceTree = "<group>"; };
		12A26F53297F83A10080DFC1 /* PeggleUITests.xctest */ = {isa = PBXFileReference; explicitFileType = wrapper.cfbundle; includeInIndex = 0; path = PeggleUITests.xctest; sourceTree = BUILT_PRODUCTS_DIR; };
		12A26F57297F83A10080DFC1 /* PeggleUITests.swift */ = {isa = PBXFileReference; lastKnownFileType = sourcecode.swift; path = PeggleUITests.swift; sourceTree = "<group>"; };
		12A26F59297F83A10080DFC1 /* PeggleUITestsLaunchTests.swift */ = {isa = PBXFileReference; lastKnownFileType = sourcecode.swift; path = PeggleUITestsLaunchTests.swift; sourceTree = "<group>"; };
		12A26F73297F848A0080DFC1 /* background.png */ = {isa = PBXFileReference; lastKnownFileType = image.png; path = background.png; sourceTree = "<group>"; };
		12A26F74297F848A0080DFC1 /* delete.png */ = {isa = PBXFileReference; lastKnownFileType = image.png; path = delete.png; sourceTree = "<group>"; };
		12A26F75297F848A0080DFC1 /* peg-blue@1x.png */ = {isa = PBXFileReference; lastKnownFileType = image.png; path = "peg-blue@1x.png"; sourceTree = "<group>"; };
		12A26F76297F848A0080DFC1 /* peg-orange@2x.png */ = {isa = PBXFileReference; lastKnownFileType = image.png; path = "peg-orange@2x.png"; sourceTree = "<group>"; };
		12A26F77297F848A0080DFC1 /* peg-blue@2x.png */ = {isa = PBXFileReference; lastKnownFileType = image.png; path = "peg-blue@2x.png"; sourceTree = "<group>"; };
		12A26F78297F848A0080DFC1 /* peg-orange@1x.png */ = {isa = PBXFileReference; lastKnownFileType = image.png; path = "peg-orange@1x.png"; sourceTree = "<group>"; };
		12A26F79297F84A90080DFC1 /* README.md */ = {isa = PBXFileReference; lastKnownFileType = net.daringfireball.markdown; name = README.md; path = "../../../../Downloads/problem-set-2-yongler-master/README.md"; sourceTree = "<group>"; };
		12A26F7A297F84B00080DFC1 /* README.md */ = {isa = PBXFileReference; lastKnownFileType = net.daringfireball.markdown; path = README.md; sourceTree = "<group>"; };
		12A26F7B297F84D60080DFC1 /* .swiftlint.yml */ = {isa = PBXFileReference; lastKnownFileType = text.yaml; name = .swiftlint.yml; path = "../../../Downloads/problem-set-2-yongler-master/.swiftlint.yml"; sourceTree = "<group>"; };
		12A26F7C297F84D60080DFC1 /* .gitignore */ = {isa = PBXFileReference; lastKnownFileType = text; name = .gitignore; path = "../../../Downloads/problem-set-2-yongler-master/.gitignore"; sourceTree = "<group>"; };
/* End PBXFileReference section */

/* Begin PBXFrameworksBuildPhase section */
		12A26F35297F83A00080DFC1 /* Frameworks */ = {
			isa = PBXFrameworksBuildPhase;
			buildActionMask = 2147483647;
			files = (
			);
			runOnlyForDeploymentPostprocessing = 0;
		};
		12A26F46297F83A10080DFC1 /* Frameworks */ = {
			isa = PBXFrameworksBuildPhase;
			buildActionMask = 2147483647;
			files = (
			);
			runOnlyForDeploymentPostprocessing = 0;
		};
		12A26F50297F83A10080DFC1 /* Frameworks */ = {
			isa = PBXFrameworksBuildPhase;
			buildActionMask = 2147483647;
			files = (
			);
			runOnlyForDeploymentPostprocessing = 0;
		};
/* End PBXFrameworksBuildPhase section */

/* Begin PBXGroup section */
		12A26F2F297F839F0080DFC1 = {
			isa = PBXGroup;
			children = (
				12A26F7A297F84B00080DFC1 /* README.md */,
				12A26F7C297F84D60080DFC1 /* .gitignore */,
				12A26F7B297F84D60080DFC1 /* .swiftlint.yml */,
				12A26F3A297F83A00080DFC1 /* Peggle */,
				12A26F4C297F83A10080DFC1 /* PeggleTests */,
				12A26F56297F83A10080DFC1 /* PeggleUITests */,
				12A26F39297F83A00080DFC1 /* Products */,
			);
			sourceTree = "<group>";
		};
		12A26F39297F83A00080DFC1 /* Products */ = {
			isa = PBXGroup;
			children = (
				12A26F38297F83A00080DFC1 /* Peggle.app */,
				12A26F49297F83A10080DFC1 /* PeggleTests.xctest */,
				12A26F53297F83A10080DFC1 /* PeggleUITests.xctest */,
			);
			name = Products;
			sourceTree = "<group>";
		};
		12A26F3A297F83A00080DFC1 /* Peggle */ = {
			isa = PBXGroup;
			children = (
				12A26F72297F847A0080DFC1 /* Assets */,
				12A26F3B297F83A00080DFC1 /* PeggleApp.swift */,
				12A26F3D297F83A00080DFC1 /* ContentView.swift */,
				12A26F41297F83A00080DFC1 /* Peggle.entitlements */,
				12A26F42297F83A00080DFC1 /* Preview Content */,
			);
			path = Peggle;
			sourceTree = "<group>";
		};
		12A26F42297F83A00080DFC1 /* Preview Content */ = {
			isa = PBXGroup;
			children = (
				12A26F43297F83A00080DFC1 /* Preview Assets.xcassets */,
			);
			path = "Preview Content";
			sourceTree = "<group>";
		};
		12A26F4C297F83A10080DFC1 /* PeggleTests */ = {
			isa = PBXGroup;
			children = (
				12A26F4D297F83A10080DFC1 /* PeggleTests.swift */,
			);
			path = PeggleTests;
			sourceTree = "<group>";
		};
		12A26F56297F83A10080DFC1 /* PeggleUITests */ = {
			isa = PBXGroup;
			children = (
				12A26F57297F83A10080DFC1 /* PeggleUITests.swift */,
				12A26F59297F83A10080DFC1 /* PeggleUITestsLaunchTests.swift */,
				12A26F79297F84A90080DFC1 /* README.md */,
			);
			path = PeggleUITests;
			sourceTree = "<group>";
		};
		12A26F72297F847A0080DFC1 /* Assets */ = {
			isa = PBXGroup;
			children = (
				12A26F3F297F83A00080DFC1 /* Assets.xcassets */,
				12A26F73297F848A0080DFC1 /* background.png */,
				12A26F74297F848A0080DFC1 /* delete.png */,
				12A26F75297F848A0080DFC1 /* peg-blue@1x.png */,
				12A26F77297F848A0080DFC1 /* peg-blue@2x.png */,
				12A26F78297F848A0080DFC1 /* peg-orange@1x.png */,
				12A26F76297F848A0080DFC1 /* peg-orange@2x.png */,
			);
			path = Assets;
			sourceTree = "<group>";
		};
/* End PBXGroup section */

/* Begin PBXNativeTarget section */
		12A26F37297F83A00080DFC1 /* Peggle */ = {
			isa = PBXNativeTarget;
			buildConfigurationList = 12A26F5D297F83A10080DFC1 /* Build configuration list for PBXNativeTarget "Peggle" */;
			buildPhases = (
				12A26F34297F83A00080DFC1 /* Sources */,
				12A26F35297F83A00080DFC1 /* Frameworks */,
				12A26F36297F83A00080DFC1 /* Resources */,
			);
			buildRules = (
			);
			dependencies = (
			);
			name = Peggle;
			productName = Peggle;
			productReference = 12A26F38297F83A00080DFC1 /* Peggle.app */;
			productType = "com.apple.product-type.application";
		};
		12A26F48297F83A10080DFC1 /* PeggleTests */ = {
			isa = PBXNativeTarget;
			buildConfigurationList = 12A26F60297F83A10080DFC1 /* Build configuration list for PBXNativeTarget "PeggleTests" */;
			buildPhases = (
				12A26F45297F83A10080DFC1 /* Sources */,
				12A26F46297F83A10080DFC1 /* Frameworks */,
				12A26F47297F83A10080DFC1 /* Resources */,
			);
			buildRules = (
			);
			dependencies = (
				12A26F4B297F83A10080DFC1 /* PBXTargetDependency */,
			);
			name = PeggleTests;
			productName = PeggleTests;
			productReference = 12A26F49297F83A10080DFC1 /* PeggleTests.xctest */;
			productType = "com.apple.product-type.bundle.unit-test";
		};
		12A26F52297F83A10080DFC1 /* PeggleUITests */ = {
			isa = PBXNativeTarget;
			buildConfigurationList = 12A26F63297F83A10080DFC1 /* Build configuration list for PBXNativeTarget "PeggleUITests" */;
			buildPhases = (
				12A26F4F297F83A10080DFC1 /* Sources */,
				12A26F50297F83A10080DFC1 /* Frameworks */,
				12A26F51297F83A10080DFC1 /* Resources */,
			);
			buildRules = (
			);
			dependencies = (
				12A26F55297F83A10080DFC1 /* PBXTargetDependency */,
			);
			name = PeggleUITests;
			productName = PeggleUITests;
			productReference = 12A26F53297F83A10080DFC1 /* PeggleUITests.xctest */;
			productType = "com.apple.product-type.bundle.ui-testing";
		};
/* End PBXNativeTarget section */

/* Begin PBXProject section */
		12A26F30297F839F0080DFC1 /* Project object */ = {
			isa = PBXProject;
			attributes = {
				BuildIndependentTargetsInParallel = 1;
				LastSwiftUpdateCheck = 1420;
				LastUpgradeCheck = 1420;
				TargetAttributes = {
					12A26F37297F83A00080DFC1 = {
						CreatedOnToolsVersion = 14.2;
					};
					12A26F48297F83A10080DFC1 = {
						CreatedOnToolsVersion = 14.2;
						TestTargetID = 12A26F37297F83A00080DFC1;
					};
					12A26F52297F83A10080DFC1 = {
						CreatedOnToolsVersion = 14.2;
						TestTargetID = 12A26F37297F83A00080DFC1;
					};
				};
			};
			buildConfigurationList = 12A26F33297F839F0080DFC1 /* Build configuration list for PBXProject "Peggle" */;
			compatibilityVersion = "Xcode 14.0";
			developmentRegion = en;
			hasScannedForEncodings = 0;
			knownRegions = (
				en,
				Base,
			);
			mainGroup = 12A26F2F297F839F0080DFC1;
			productRefGroup = 12A26F39297F83A00080DFC1 /* Products */;
			projectDirPath = "";
			projectRoot = "";
			targets = (
				12A26F37297F83A00080DFC1 /* Peggle */,
				12A26F48297F83A10080DFC1 /* PeggleTests */,
				12A26F52297F83A10080DFC1 /* PeggleUITests */,
			);
		};
/* End PBXProject section */

/* Begin PBXResourcesBuildPhase section */
		12A26F36297F83A00080DFC1 /* Resources */ = {
			isa = PBXResourcesBuildPhase;
			buildActionMask = 2147483647;
			files = (
				12A26F44297F83A00080DFC1 /* Preview Assets.xcassets in Resources */,
				12A26F40297F83A00080DFC1 /* Assets.xcassets in Resources */,
			);
			runOnlyForDeploymentPostprocessing = 0;
		};
		12A26F47297F83A10080DFC1 /* Resources */ = {
			isa = PBXResourcesBuildPhase;
			buildActionMask = 2147483647;
			files = (
			);
			runOnlyForDeploymentPostprocessing = 0;
		};
		12A26F51297F83A10080DFC1 /* Resources */ = {
			isa = PBXResourcesBuildPhase;
			buildActionMask = 2147483647;
			files = (
			);
			runOnlyForDeploymentPostprocessing = 0;
		};
/* End PBXResourcesBuildPhase section */

/* Begin PBXSourcesBuildPhase section */
		12A26F34297F83A00080DFC1 /* Sources */ = {
			isa = PBXSourcesBuildPhase;
			buildActionMask = 2147483647;
			files = (
				12A26F3E297F83A00080DFC1 /* ContentView.swift in Sources */,
				12A26F3C297F83A00080DFC1 /* PeggleApp.swift in Sources */,
			);
			runOnlyForDeploymentPostprocessing = 0;
		};
		12A26F45297F83A10080DFC1 /* Sources */ = {
			isa = PBXSourcesBuildPhase;
			buildActionMask = 2147483647;
			files = (
				12A26F4E297F83A10080DFC1 /* PeggleTests.swift in Sources */,
			);
			runOnlyForDeploymentPostprocessing = 0;
		};
		12A26F4F297F83A10080DFC1 /* Sources */ = {
			isa = PBXSourcesBuildPhase;
			buildActionMask = 2147483647;
			files = (
				12A26F5A297F83A10080DFC1 /* PeggleUITestsLaunchTests.swift in Sources */,
				12A26F58297F83A10080DFC1 /* PeggleUITests.swift in Sources */,
			);
			runOnlyForDeploymentPostprocessing = 0;
		};
/* End PBXSourcesBuildPhase section */

/* Begin PBXTargetDependency section */
		12A26F4B297F83A10080DFC1 /* PBXTargetDependency */ = {
			isa = PBXTargetDependency;
			target = 12A26F37297F83A00080DFC1 /* Peggle */;
			targetProxy = 12A26F4A297F83A10080DFC1 /* PBXContainerItemProxy */;
		};
		12A26F55297F83A10080DFC1 /* PBXTargetDependency */ = {
			isa = PBXTargetDependency;
			target = 12A26F37297F83A00080DFC1 /* Peggle */;
			targetProxy = 12A26F54297F83A10080DFC1 /* PBXContainerItemProxy */;
		};
/* End PBXTargetDependency section */

/* Begin XCBuildConfiguration section */
		12A26F5B297F83A10080DFC1 /* Debug */ = {
			isa = XCBuildConfiguration;
			buildSettings = {
				ALWAYS_SEARCH_USER_PATHS = NO;
				CLANG_ANALYZER_NONNULL = YES;
				CLANG_ANALYZER_NUMBER_OBJECT_CONVERSION = YES_AGGRESSIVE;
				CLANG_CXX_LANGUAGE_STANDARD = "gnu++20";
				CLANG_ENABLE_MODULES = YES;
				CLANG_ENABLE_OBJC_ARC = YES;
				CLANG_ENABLE_OBJC_WEAK = YES;
				CLANG_WARN_BLOCK_CAPTURE_AUTORELEASING = YES;
				CLANG_WARN_BOOL_CONVERSION = YES;
				CLANG_WARN_COMMA = YES;
				CLANG_WARN_CONSTANT_CONVERSION = YES;
				CLANG_WARN_DEPRECATED_OBJC_IMPLEMENTATIONS = YES;
				CLANG_WARN_DIRECT_OBJC_ISA_USAGE = YES_ERROR;
				CLANG_WARN_DOCUMENTATION_COMMENTS = YES;
				CLANG_WARN_EMPTY_BODY = YES;
				CLANG_WARN_ENUM_CONVERSION = YES;
				CLANG_WARN_INFINITE_RECURSION = YES;
				CLANG_WARN_INT_CONVERSION = YES;
				CLANG_WARN_NON_LITERAL_NULL_CONVERSION = YES;
				CLANG_WARN_OBJC_IMPLICIT_RETAIN_SELF = YES;
				CLANG_WARN_OBJC_LITERAL_CONVERSION = YES;
				CLANG_WARN_OBJC_ROOT_CLASS = YES_ERROR;
				CLANG_WARN_QUOTED_INCLUDE_IN_FRAMEWORK_HEADER = YES;
				CLANG_WARN_RANGE_LOOP_ANALYSIS = YES;
				CLANG_WARN_STRICT_PROTOTYPES = YES;
				CLANG_WARN_SUSPICIOUS_MOVE = YES;
				CLANG_WARN_UNGUARDED_AVAILABILITY = YES_AGGRESSIVE;
				CLANG_WARN_UNREACHABLE_CODE = YES;
				CLANG_WARN__DUPLICATE_METHOD_MATCH = YES;
				COPY_PHASE_STRIP = NO;
				DEBUG_INFORMATION_FORMAT = dwarf;
				ENABLE_STRICT_OBJC_MSGSEND = YES;
				ENABLE_TESTABILITY = YES;
				GCC_C_LANGUAGE_STANDARD = gnu11;
				GCC_DYNAMIC_NO_PIC = NO;
				GCC_NO_COMMON_BLOCKS = YES;
				GCC_OPTIMIZATION_LEVEL = 0;
				GCC_PREPROCESSOR_DEFINITIONS = (
					"DEBUG=1",
					"$(inherited)",
				);
				GCC_WARN_64_TO_32_BIT_CONVERSION = YES;
				GCC_WARN_ABOUT_RETURN_TYPE = YES_ERROR;
				GCC_WARN_UNDECLARED_SELECTOR = YES;
				GCC_WARN_UNINITIALIZED_AUTOS = YES_AGGRESSIVE;
				GCC_WARN_UNUSED_FUNCTION = YES;
				GCC_WARN_UNUSED_VARIABLE = YES;
				MTL_ENABLE_DEBUG_INFO = INCLUDE_SOURCE;
				MTL_FAST_MATH = YES;
				ONLY_ACTIVE_ARCH = YES;
				SWIFT_ACTIVE_COMPILATION_CONDITIONS = DEBUG;
				SWIFT_OPTIMIZATION_LEVEL = "-Onone";
			};
			name = Debug;
		};
		12A26F5C297F83A10080DFC1 /* Release */ = {
			isa = XCBuildConfiguration;
			buildSettings = {
				ALWAYS_SEARCH_USER_PATHS = NO;
				CLANG_ANALYZER_NONNULL = YES;
				CLANG_ANALYZER_NUMBER_OBJECT_CONVERSION = YES_AGGRESSIVE;
				CLANG_CXX_LANGUAGE_STANDARD = "gnu++20";
				CLANG_ENABLE_MODULES = YES;
				CLANG_ENABLE_OBJC_ARC = YES;
				CLANG_ENABLE_OBJC_WEAK = YES;
				CLANG_WARN_BLOCK_CAPTURE_AUTORELEASING = YES;
				CLANG_WARN_BOOL_CONVERSION = YES;
				CLANG_WARN_COMMA = YES;
				CLANG_WARN_CONSTANT_CONVERSION = YES;
				CLANG_WARN_DEPRECATED_OBJC_IMPLEMENTATIONS = YES;
				CLANG_WARN_DIRECT_OBJC_ISA_USAGE = YES_ERROR;
				CLANG_WARN_DOCUMENTATION_COMMENTS = YES;
				CLANG_WARN_EMPTY_BODY = YES;
				CLANG_WARN_ENUM_CONVERSION = YES;
				CLANG_WARN_INFINITE_RECURSION = YES;
				CLANG_WARN_INT_CONVERSION = YES;
				CLANG_WARN_NON_LITERAL_NULL_CONVERSION = YES;
				CLANG_WARN_OBJC_IMPLICIT_RETAIN_SELF = YES;
				CLANG_WARN_OBJC_LITERAL_CONVERSION = YES;
				CLANG_WARN_OBJC_ROOT_CLASS = YES_ERROR;
				CLANG_WARN_QUOTED_INCLUDE_IN_FRAMEWORK_HEADER = YES;
				CLANG_WARN_RANGE_LOOP_ANALYSIS = YES;
				CLANG_WARN_STRICT_PROTOTYPES = YES;
				CLANG_WARN_SUSPICIOUS_MOVE = YES;
				CLANG_WARN_UNGUARDED_AVAILABILITY = YES_AGGRESSIVE;
				CLANG_WARN_UNREACHABLE_CODE = YES;
				CLANG_WARN__DUPLICATE_METHOD_MATCH = YES;
				COPY_PHASE_STRIP = NO;
				DEBUG_INFORMATION_FORMAT = "dwarf-with-dsym";
				ENABLE_NS_ASSERTIONS = NO;
				ENABLE_STRICT_OBJC_MSGSEND = YES;
				GCC_C_LANGUAGE_STANDARD = gnu11;
				GCC_NO_COMMON_BLOCKS = YES;
				GCC_WARN_64_TO_32_BIT_CONVERSION = YES;
				GCC_WARN_ABOUT_RETURN_TYPE = YES_ERROR;
				GCC_WARN_UNDECLARED_SELECTOR = YES;
				GCC_WARN_UNINITIALIZED_AUTOS = YES_AGGRESSIVE;
				GCC_WARN_UNUSED_FUNCTION = YES;
				GCC_WARN_UNUSED_VARIABLE = YES;
				MTL_ENABLE_DEBUG_INFO = NO;
				MTL_FAST_MATH = YES;
				SWIFT_COMPILATION_MODE = wholemodule;
				SWIFT_OPTIMIZATION_LEVEL = "-O";
			};
			name = Release;
		};
		12A26F5E297F83A10080DFC1 /* Debug */ = {
			isa = XCBuildConfiguration;
			buildSettings = {
				ASSETCATALOG_COMPILER_APPICON_NAME = AppIcon;
				ASSETCATALOG_COMPILER_GLOBAL_ACCENT_COLOR_NAME = AccentColor;
				CODE_SIGN_ENTITLEMENTS = Peggle/Peggle.entitlements;
				CODE_SIGN_STYLE = Automatic;
				CURRENT_PROJECT_VERSION = 1;
				DEVELOPMENT_ASSET_PATHS = "\"Peggle/Preview Content\"";
				DEVELOPMENT_TEAM = ZR5Q6K8Q24;
				ENABLE_HARDENED_RUNTIME = YES;
				ENABLE_PREVIEWS = YES;
				GENERATE_INFOPLIST_FILE = YES;
				"INFOPLIST_KEY_UIApplicationSceneManifest_Generation[sdk=iphoneos*]" = YES;
				"INFOPLIST_KEY_UIApplicationSceneManifest_Generation[sdk=iphonesimulator*]" = YES;
				"INFOPLIST_KEY_UIApplicationSupportsIndirectInputEvents[sdk=iphoneos*]" = YES;
				"INFOPLIST_KEY_UIApplicationSupportsIndirectInputEvents[sdk=iphonesimulator*]" = YES;
				"INFOPLIST_KEY_UILaunchScreen_Generation[sdk=iphoneos*]" = YES;
				"INFOPLIST_KEY_UILaunchScreen_Generation[sdk=iphonesimulator*]" = YES;
				"INFOPLIST_KEY_UIStatusBarStyle[sdk=iphoneos*]" = UIStatusBarStyleDefault;
				"INFOPLIST_KEY_UIStatusBarStyle[sdk=iphonesimulator*]" = UIStatusBarStyleDefault;
				INFOPLIST_KEY_UISupportedInterfaceOrientations_iPad = "UIInterfaceOrientationPortrait UIInterfaceOrientationPortraitUpsideDown UIInterfaceOrientationLandscapeLeft UIInterfaceOrientationLandscapeRight";
				INFOPLIST_KEY_UISupportedInterfaceOrientations_iPhone = "UIInterfaceOrientationPortrait UIInterfaceOrientationLandscapeLeft UIInterfaceOrientationLandscapeRight";
				IPHONEOS_DEPLOYMENT_TARGET = 16.2;
				LD_RUNPATH_SEARCH_PATHS = "@executable_path/Frameworks";
				"LD_RUNPATH_SEARCH_PATHS[sdk=macosx*]" = "@executable_path/../Frameworks";
				MACOSX_DEPLOYMENT_TARGET = 13.1;
				MARKETING_VERSION = 1.0;
				PRODUCT_BUNDLE_IDENTIFIER = PeggleOrganization.Peggle;
				PRODUCT_NAME = "$(TARGET_NAME)";
				SDKROOT = auto;
				SUPPORTED_PLATFORMS = "iphoneos iphonesimulator macosx";
				SWIFT_EMIT_LOC_STRINGS = YES;
				SWIFT_VERSION = 5.0;
				TARGETED_DEVICE_FAMILY = "1,2";
			};
			name = Debug;
		};
		12A26F5F297F83A10080DFC1 /* Release */ = {
			isa = XCBuildConfiguration;
			buildSettings = {
				ASSETCATALOG_COMPILER_APPICON_NAME = AppIcon;
				ASSETCATALOG_COMPILER_GLOBAL_ACCENT_COLOR_NAME = AccentColor;
				CODE_SIGN_ENTITLEMENTS = Peggle/Peggle.entitlements;
				CODE_SIGN_STYLE = Automatic;
				CURRENT_PROJECT_VERSION = 1;
				DEVELOPMENT_ASSET_PATHS = "\"Peggle/Preview Content\"";
				DEVELOPMENT_TEAM = ZR5Q6K8Q24;
				ENABLE_HARDENED_RUNTIME = YES;
				ENABLE_PREVIEWS = YES;
				GENERATE_INFOPLIST_FILE = YES;
				"INFOPLIST_KEY_UIApplicationSceneManifest_Generation[sdk=iphoneos*]" = YES;
				"INFOPLIST_KEY_UIApplicationSceneManifest_Generation[sdk=iphonesimulator*]" = YES;
				"INFOPLIST_KEY_UIApplicationSupportsIndirectInputEvents[sdk=iphoneos*]" = YES;
				"INFOPLIST_KEY_UIApplicationSupportsIndirectInputEvents[sdk=iphonesimulator*]" = YES;
				"INFOPLIST_KEY_UILaunchScreen_Generation[sdk=iphoneos*]" = YES;
				"INFOPLIST_KEY_UILaunchScreen_Generation[sdk=iphonesimulator*]" = YES;
				"INFOPLIST_KEY_UIStatusBarStyle[sdk=iphoneos*]" = UIStatusBarStyleDefault;
				"INFOPLIST_KEY_UIStatusBarStyle[sdk=iphonesimulator*]" = UIStatusBarStyleDefault;
				INFOPLIST_KEY_UISupportedInterfaceOrientations_iPad = "UIInterfaceOrientationPortrait UIInterfaceOrientationPortraitUpsideDown UIInterfaceOrientationLandscapeLeft UIInterfaceOrientationLandscapeRight";
				INFOPLIST_KEY_UISupportedInterfaceOrientations_iPhone = "UIInterfaceOrientationPortrait UIInterfaceOrientationLandscapeLeft UIInterfaceOrientationLandscapeRight";
				IPHONEOS_DEPLOYMENT_TARGET = 16.2;
				LD_RUNPATH_SEARCH_PATHS = "@executable_path/Frameworks";
				"LD_RUNPATH_SEARCH_PATHS[sdk=macosx*]" = "@executable_path/../Frameworks";
				MACOSX_DEPLOYMENT_TARGET = 13.1;
				MARKETING_VERSION = 1.0;
				PRODUCT_BUNDLE_IDENTIFIER = PeggleOrganization.Peggle;
				PRODUCT_NAME = "$(TARGET_NAME)";
				SDKROOT = auto;
				SUPPORTED_PLATFORMS = "iphoneos iphonesimulator macosx";
				SWIFT_EMIT_LOC_STRINGS = YES;
				SWIFT_VERSION = 5.0;
				TARGETED_DEVICE_FAMILY = "1,2";
			};
			name = Release;
		};
		12A26F61297F83A10080DFC1 /* Debug */ = {
			isa = XCBuildConfiguration;
			buildSettings = {
				ALWAYS_EMBED_SWIFT_STANDARD_LIBRARIES = YES;
				BUNDLE_LOADER = "$(TEST_HOST)";
				CODE_SIGN_STYLE = Automatic;
				CURRENT_PROJECT_VERSION = 1;
				DEVELOPMENT_TEAM = ZR5Q6K8Q24;
				GENERATE_INFOPLIST_FILE = YES;
				IPHONEOS_DEPLOYMENT_TARGET = 16.2;
				MACOSX_DEPLOYMENT_TARGET = 13.1;
				MARKETING_VERSION = 1.0;
				PRODUCT_BUNDLE_IDENTIFIER = PeggleOrganization.PeggleTests;
				PRODUCT_NAME = "$(TARGET_NAME)";
				SDKROOT = auto;
				SUPPORTED_PLATFORMS = "iphoneos iphonesimulator macosx";
				SWIFT_EMIT_LOC_STRINGS = NO;
				SWIFT_VERSION = 5.0;
				TARGETED_DEVICE_FAMILY = "1,2";
				TEST_HOST = "$(BUILT_PRODUCTS_DIR)/Peggle.app/$(BUNDLE_EXECUTABLE_FOLDER_PATH)/Peggle";
			};
			name = Debug;
		};
		12A26F62297F83A10080DFC1 /* Release */ = {
			isa = XCBuildConfiguration;
			buildSettings = {
				ALWAYS_EMBED_SWIFT_STANDARD_LIBRARIES = YES;
				BUNDLE_LOADER = "$(TEST_HOST)";
				CODE_SIGN_STYLE = Automatic;
				CURRENT_PROJECT_VERSION = 1;
				DEVELOPMENT_TEAM = ZR5Q6K8Q24;
				GENERATE_INFOPLIST_FILE = YES;
				IPHONEOS_DEPLOYMENT_TARGET = 16.2;
				MACOSX_DEPLOYMENT_TARGET = 13.1;
				MARKETING_VERSION = 1.0;
				PRODUCT_BUNDLE_IDENTIFIER = PeggleOrganization.PeggleTests;
				PRODUCT_NAME = "$(TARGET_NAME)";
				SDKROOT = auto;
				SUPPORTED_PLATFORMS = "iphoneos iphonesimulator macosx";
				SWIFT_EMIT_LOC_STRINGS = NO;
				SWIFT_VERSION = 5.0;
				TARGETED_DEVICE_FAMILY = "1,2";
				TEST_HOST = "$(BUILT_PRODUCTS_DIR)/Peggle.app/$(BUNDLE_EXECUTABLE_FOLDER_PATH)/Peggle";
			};
			name = Release;
		};
		12A26F64297F83A10080DFC1 /* Debug */ = {
			isa = XCBuildConfiguration;
			buildSettings = {
				ALWAYS_EMBED_SWIFT_STANDARD_LIBRARIES = YES;
				CODE_SIGN_STYLE = Automatic;
				CURRENT_PROJECT_VERSION = 1;
				DEVELOPMENT_TEAM = ZR5Q6K8Q24;
				GENERATE_INFOPLIST_FILE = YES;
				IPHONEOS_DEPLOYMENT_TARGET = 16.2;
				MACOSX_DEPLOYMENT_TARGET = 13.1;
				MARKETING_VERSION = 1.0;
				PRODUCT_BUNDLE_IDENTIFIER = PeggleOrganization.PeggleUITests;
				PRODUCT_NAME = "$(TARGET_NAME)";
				SDKROOT = auto;
				SUPPORTED_PLATFORMS = "iphoneos iphonesimulator macosx";
				SWIFT_EMIT_LOC_STRINGS = NO;
				SWIFT_VERSION = 5.0;
				TARGETED_DEVICE_FAMILY = "1,2";
				TEST_TARGET_NAME = Peggle;
			};
			name = Debug;
		};
		12A26F65297F83A10080DFC1 /* Release */ = {
			isa = XCBuildConfiguration;
			buildSettings = {
				ALWAYS_EMBED_SWIFT_STANDARD_LIBRARIES = YES;
				CODE_SIGN_STYLE = Automatic;
				CURRENT_PROJECT_VERSION = 1;
				DEVELOPMENT_TEAM = ZR5Q6K8Q24;
				GENERATE_INFOPLIST_FILE = YES;
				IPHONEOS_DEPLOYMENT_TARGET = 16.2;
				MACOSX_DEPLOYMENT_TARGET = 13.1;
				MARKETING_VERSION = 1.0;
				PRODUCT_BUNDLE_IDENTIFIER = PeggleOrganization.PeggleUITests;
				PRODUCT_NAME = "$(TARGET_NAME)";
				SDKROOT = auto;
				SUPPORTED_PLATFORMS = "iphoneos iphonesimulator macosx";
				SWIFT_EMIT_LOC_STRINGS = NO;
				SWIFT_VERSION = 5.0;
				TARGETED_DEVICE_FAMILY = "1,2";
				TEST_TARGET_NAME = Peggle;
			};
			name = Release;
		};
/* End XCBuildConfiguration section */

/* Begin XCConfigurationList section */
		12A26F33297F839F0080DFC1 /* Build configuration list for PBXProject "Peggle" */ = {
			isa = XCConfigurationList;
			buildConfigurations = (
				12A26F5B297F83A10080DFC1 /* Debug */,
				12A26F5C297F83A10080DFC1 /* Release */,
			);
			defaultConfigurationIsVisible = 0;
			defaultConfigurationName = Release;
		};
		12A26F5D297F83A10080DFC1 /* Build configuration list for PBXNativeTarget "Peggle" */ = {
			isa = XCConfigurationList;
			buildConfigurations = (
				12A26F5E297F83A10080DFC1 /* Debug */,
				12A26F5F297F83A10080DFC1 /* Release */,
			);
			defaultConfigurationIsVisible = 0;
			defaultConfigurationName = Release;
		};
		12A26F60297F83A10080DFC1 /* Build configuration list for PBXNativeTarget "PeggleTests" */ = {
			isa = XCConfigurationList;
			buildConfigurations = (
				12A26F61297F83A10080DFC1 /* Debug */,
				12A26F62297F83A10080DFC1 /* Release */,
			);
			defaultConfigurationIsVisible = 0;
			defaultConfigurationName = Release;
		};
		12A26F63297F83A10080DFC1 /* Build configuration list for PBXNativeTarget "PeggleUITests" */ = {
			isa = XCConfigurationList;
			buildConfigurations = (
				12A26F64297F83A10080DFC1 /* Debug */,
				12A26F65297F83A10080DFC1 /* Release */,
			);
			defaultConfigurationIsVisible = 0;
			defaultConfigurationName = Release;
		};
/* End XCConfigurationList section */
	};
	rootObject = 12A26F30297F839F0080DFC1 /* Project object */;
}
