// !$*UTF8*$!
{
	archiveVersion = 1;
	classes = {
	};
	objectVersion = 56;
	objects = {

/* Begin PBXBuildFile section */
		1215D62F298009E90086F526 /* README.md in Resources */ = {isa = PBXBuildFile; fileRef = 1215D62E298009E90086F526 /* README.md */; };
		1215D67229800CFD0086F526 /* PaletteView.swift in Sources */ = {isa = PBXBuildFile; fileRef = 1215D67129800CFD0086F526 /* PaletteView.swift */; };
		1215D67429800E5A0086F526 /* assets in Resources */ = {isa = PBXBuildFile; fileRef = 1215D67329800E5A0086F526 /* assets */; };
		1215D676298011200086F526 /* BoardView.swift in Sources */ = {isa = PBXBuildFile; fileRef = 1215D675298011200086F526 /* BoardView.swift */; };
		12633C1B2984DA880057AF14 /* BoardTests.swift in Sources */ = {isa = PBXBuildFile; fileRef = 12633C1A2984DA880057AF14 /* BoardTests.swift */; };
		12633C1D2984DD370057AF14 /* PegTests.swift in Sources */ = {isa = PBXBuildFile; fileRef = 12633C1C2984DD370057AF14 /* PegTests.swift */; };
		12633C1F2984F6BE0057AF14 /* PegView.swift in Sources */ = {isa = PBXBuildFile; fileRef = 12633C1E2984F6BE0057AF14 /* PegView.swift */; };
		1283E4942998CA7D00F1EBE0 /* Projection.swift in Sources */ = {isa = PBXBuildFile; fileRef = 1283E4932998CA7D00F1EBE0 /* Projection.swift */; };
		129A1FFD298FA17800C32F57 /* PhysicsObject.swift in Sources */ = {isa = PBXBuildFile; fileRef = 129A1FFC298FA17800C32F57 /* PhysicsObject.swift */; };
		129A2001298FA25200C32F57 /* Acceleration.swift in Sources */ = {isa = PBXBuildFile; fileRef = 129A2000298FA25200C32F57 /* Acceleration.swift */; };
		129A2003298FA28300C32F57 /* Vector.swift in Sources */ = {isa = PBXBuildFile; fileRef = 129A2002298FA28300C32F57 /* Vector.swift */; };
		129A2007298FA3FF00C32F57 /* CircleObject.swift in Sources */ = {isa = PBXBuildFile; fileRef = 129A2006298FA3FF00C32F57 /* CircleObject.swift */; };
		129A200F298FA5FD00C32F57 /* GameEngine.swift in Sources */ = {isa = PBXBuildFile; fileRef = 129A200E298FA5FD00C32F57 /* GameEngine.swift */; };
		129A2012298FA60F00C32F57 /* PeggleGameEngine.swift in Sources */ = {isa = PBXBuildFile; fileRef = 129A2011298FA60F00C32F57 /* PeggleGameEngine.swift */; };
		129A2014298FA68700C32F57 /* RectangleObject.swift in Sources */ = {isa = PBXBuildFile; fileRef = 129A2013298FA68700C32F57 /* RectangleObject.swift */; };
		129DE9012993DF9D00EB08CC /* Ball.swift in Sources */ = {isa = PBXBuildFile; fileRef = 129DE9002993DF9D00EB08CC /* Ball.swift */; };
		129DE90B2995381100EB08CC /* PegPhysicsObject.swift in Sources */ = {isa = PBXBuildFile; fileRef = 129DE90A2995381100EB08CC /* PegPhysicsObject.swift */; };
		129DE90D29953E3100EB08CC /* GameView.swift in Sources */ = {isa = PBXBuildFile; fileRef = 129DE90C29953E3100EB08CC /* GameView.swift */; };
		129DE90F29967D2100EB08CC /* BallView.swift in Sources */ = {isa = PBXBuildFile; fileRef = 129DE90E29967D2100EB08CC /* BallView.swift */; };
		12A26FC1297F86450080DFC1 /* PeggleApp.swift in Sources */ = {isa = PBXBuildFile; fileRef = 12A26FC0297F86450080DFC1 /* PeggleApp.swift */; };
		12A26FC9297F86450080DFC1 /* Preview Assets.xcassets in Resources */ = {isa = PBXBuildFile; fileRef = 12A26FC8297F86450080DFC1 /* Preview Assets.xcassets */; };
		12CDFAE32986B854001BFE1E /* PaletteDesignButtonsView.swift in Sources */ = {isa = PBXBuildFile; fileRef = 12CDFAE22986B853001BFE1E /* PaletteDesignButtonsView.swift */; };
		12CDFAE52986B89E001BFE1E /* PaletteActionButtonsView.swift in Sources */ = {isa = PBXBuildFile; fileRef = 12CDFAE42986B89E001BFE1E /* PaletteActionButtonsView.swift */; };
		12CF51052986D35E00D2D1C8 /* Board.swift in Sources */ = {isa = PBXBuildFile; fileRef = 12CF51032986D35E00D2D1C8 /* Board.swift */; };
		12CF51062986D35E00D2D1C8 /* Peg.swift in Sources */ = {isa = PBXBuildFile; fileRef = 12CF51042986D35E00D2D1C8 /* Peg.swift */; };
		12EEE6AC298142D200E2FFEA /* BoardStore.swift in Sources */ = {isa = PBXBuildFile; fileRef = 12EEE6AB298142D200E2FFEA /* BoardStore.swift */; };
		12F71548298764C400EE0042 /* Assets.xcassets in Resources */ = {isa = PBXBuildFile; fileRef = 12CDFAE82986C835001BFE1E /* Assets.xcassets */; };
/* End PBXBuildFile section */

/* Begin PBXContainerItemProxy section */
		12A26FCF297F86460080DFC1 /* PBXContainerItemProxy */ = {
			isa = PBXContainerItemProxy;
			containerPortal = 12A26FB5297F86450080DFC1 /* Project object */;
			proxyType = 1;
			remoteGlobalIDString = 12A26FBC297F86450080DFC1;
			remoteInfo = Peggle;
		};
		12A26FD9297F86460080DFC1 /* PBXContainerItemProxy */ = {
			isa = PBXContainerItemProxy;
			containerPortal = 12A26FB5297F86450080DFC1 /* Project object */;
			proxyType = 1;
			remoteGlobalIDString = 12A26FBC297F86450080DFC1;
			remoteInfo = Peggle;
		};
/* End PBXContainerItemProxy section */

/* Begin PBXFileReference section */
		1215D62E298009E90086F526 /* README.md */ = {isa = PBXFileReference; fileEncoding = 4; lastKnownFileType = net.daringfireball.markdown; path = README.md; sourceTree = "<group>"; };
		1215D67129800CFD0086F526 /* PaletteView.swift */ = {isa = PBXFileReference; lastKnownFileType = sourcecode.swift; path = PaletteView.swift; sourceTree = "<group>"; };
		1215D67329800E5A0086F526 /* assets */ = {isa = PBXFileReference; lastKnownFileType = folder; path = assets; sourceTree = "<group>"; };
		1215D675298011200086F526 /* BoardView.swift */ = {isa = PBXFileReference; lastKnownFileType = sourcecode.swift; path = BoardView.swift; sourceTree = "<group>"; };
		12633C1A2984DA880057AF14 /* BoardTests.swift */ = {isa = PBXFileReference; lastKnownFileType = sourcecode.swift; path = BoardTests.swift; sourceTree = "<group>"; };
		12633C1C2984DD370057AF14 /* PegTests.swift */ = {isa = PBXFileReference; lastKnownFileType = sourcecode.swift; path = PegTests.swift; sourceTree = "<group>"; };
		12633C1E2984F6BE0057AF14 /* PegView.swift */ = {isa = PBXFileReference; lastKnownFileType = sourcecode.swift; path = PegView.swift; sourceTree = "<group>"; };
		1283E4932998CA7D00F1EBE0 /* Projection.swift */ = {isa = PBXFileReference; lastKnownFileType = sourcecode.swift; path = Projection.swift; sourceTree = "<group>"; };
		129A1FFC298FA17800C32F57 /* PhysicsObject.swift */ = {isa = PBXFileReference; lastKnownFileType = sourcecode.swift; path = PhysicsObject.swift; sourceTree = "<group>"; };
		129A2000298FA25200C32F57 /* Acceleration.swift */ = {isa = PBXFileReference; lastKnownFileType = sourcecode.swift; path = Acceleration.swift; sourceTree = "<group>"; };
		129A2002298FA28300C32F57 /* Vector.swift */ = {isa = PBXFileReference; lastKnownFileType = sourcecode.swift; path = Vector.swift; sourceTree = "<group>"; };
		129A2006298FA3FF00C32F57 /* CircleObject.swift */ = {isa = PBXFileReference; lastKnownFileType = sourcecode.swift; path = CircleObject.swift; sourceTree = "<group>"; };
		129A200E298FA5FD00C32F57 /* GameEngine.swift */ = {isa = PBXFileReference; lastKnownFileType = sourcecode.swift; path = GameEngine.swift; sourceTree = "<group>"; };
		129A2011298FA60F00C32F57 /* PeggleGameEngine.swift */ = {isa = PBXFileReference; lastKnownFileType = sourcecode.swift; path = PeggleGameEngine.swift; sourceTree = "<group>"; };
		129A2013298FA68700C32F57 /* RectangleObject.swift */ = {isa = PBXFileReference; lastKnownFileType = sourcecode.swift; path = RectangleObject.swift; sourceTree = "<group>"; };
		129DE9002993DF9D00EB08CC /* Ball.swift */ = {isa = PBXFileReference; lastKnownFileType = sourcecode.swift; path = Ball.swift; sourceTree = "<group>"; };
		129DE90A2995381100EB08CC /* PegPhysicsObject.swift */ = {isa = PBXFileReference; lastKnownFileType = sourcecode.swift; path = PegPhysicsObject.swift; sourceTree = "<group>"; };
		129DE90C29953E3100EB08CC /* GameView.swift */ = {isa = PBXFileReference; lastKnownFileType = sourcecode.swift; path = GameView.swift; sourceTree = "<group>"; };
		129DE90E29967D2100EB08CC /* BallView.swift */ = {isa = PBXFileReference; lastKnownFileType = sourcecode.swift; path = BallView.swift; sourceTree = "<group>"; };
		12A26FBD297F86450080DFC1 /* Peggle.app */ = {isa = PBXFileReference; explicitFileType = wrapper.application; includeInIndex = 0; path = Peggle.app; sourceTree = BUILT_PRODUCTS_DIR; };
		12A26FC0297F86450080DFC1 /* PeggleApp.swift */ = {isa = PBXFileReference; lastKnownFileType = sourcecode.swift; path = PeggleApp.swift; sourceTree = "<group>"; };
		12A26FC6297F86450080DFC1 /* Peggle.entitlements */ = {isa = PBXFileReference; lastKnownFileType = text.plist.entitlements; path = Peggle.entitlements; sourceTree = "<group>"; };
		12A26FC8297F86450080DFC1 /* Preview Assets.xcassets */ = {isa = PBXFileReference; lastKnownFileType = folder.assetcatalog; path = "Preview Assets.xcassets"; sourceTree = "<group>"; };
		12A26FCE297F86460080DFC1 /* PeggleTests.xctest */ = {isa = PBXFileReference; explicitFileType = wrapper.cfbundle; includeInIndex = 0; path = PeggleTests.xctest; sourceTree = BUILT_PRODUCTS_DIR; };
		12A26FD8297F86460080DFC1 /* PeggleUITests.xctest */ = {isa = PBXFileReference; explicitFileType = wrapper.cfbundle; includeInIndex = 0; path = PeggleUITests.xctest; sourceTree = BUILT_PRODUCTS_DIR; };
		12CDFAE22986B853001BFE1E /* PaletteDesignButtonsView.swift */ = {isa = PBXFileReference; lastKnownFileType = sourcecode.swift; path = PaletteDesignButtonsView.swift; sourceTree = "<group>"; };
		12CDFAE42986B89E001BFE1E /* PaletteActionButtonsView.swift */ = {isa = PBXFileReference; lastKnownFileType = sourcecode.swift; path = PaletteActionButtonsView.swift; sourceTree = "<group>"; };
		12CDFAE82986C835001BFE1E /* Assets.xcassets */ = {isa = PBXFileReference; lastKnownFileType = folder.assetcatalog; path = Assets.xcassets; sourceTree = "<group>"; };
		12CF51032986D35E00D2D1C8 /* Board.swift */ = {isa = PBXFileReference; fileEncoding = 4; lastKnownFileType = sourcecode.swift; path = Board.swift; sourceTree = "<group>"; };
		12CF51042986D35E00D2D1C8 /* Peg.swift */ = {isa = PBXFileReference; fileEncoding = 4; lastKnownFileType = sourcecode.swift; path = Peg.swift; sourceTree = "<group>"; };
		12EEE6AB298142D200E2FFEA /* BoardStore.swift */ = {isa = PBXFileReference; lastKnownFileType = sourcecode.swift; path = BoardStore.swift; sourceTree = "<group>"; };
/* End PBXFileReference section */

/* Begin PBXFrameworksBuildPhase section */
		12A26FBA297F86450080DFC1 /* Frameworks */ = {
			isa = PBXFrameworksBuildPhase;
			buildActionMask = 2147483647;
			files = (
			);
			runOnlyForDeploymentPostprocessing = 0;
		};
		12A26FCB297F86460080DFC1 /* Frameworks */ = {
			isa = PBXFrameworksBuildPhase;
			buildActionMask = 2147483647;
			files = (
			);
			runOnlyForDeploymentPostprocessing = 0;
		};
		12A26FD5297F86460080DFC1 /* Frameworks */ = {
			isa = PBXFrameworksBuildPhase;
			buildActionMask = 2147483647;
			files = (
			);
			runOnlyForDeploymentPostprocessing = 0;
		};
/* End PBXFrameworksBuildPhase section */

/* Begin PBXGroup section */
		1215D67B2980212D0086F526 /* Models */ = {
			isa = PBXGroup;
			children = (
				12CF51032986D35E00D2D1C8 /* Board.swift */,
				12CF51042986D35E00D2D1C8 /* Peg.swift */,
				129A1FFC298FA17800C32F57 /* PhysicsObject.swift */,
				129A2006298FA3FF00C32F57 /* CircleObject.swift */,
				129A2013298FA68700C32F57 /* RectangleObject.swift */,
				129A2000298FA25200C32F57 /* Acceleration.swift */,
				1283E4932998CA7D00F1EBE0 /* Projection.swift */,
				129DE9002993DF9D00EB08CC /* Ball.swift */,
				129A2002298FA28300C32F57 /* Vector.swift */,
				129DE90A2995381100EB08CC /* PegPhysicsObject.swift */,
				129A2011298FA60F00C32F57 /* PeggleGameEngine.swift */,
				129A200E298FA5FD00C32F57 /* GameEngine.swift */,
			);
			path = Models;
			sourceTree = "<group>";
		};
		129A2016298FABA300C32F57 /* Views */ = {
			isa = PBXGroup;
			children = (
				1215D67129800CFD0086F526 /* PaletteView.swift */,
				12CDFAE42986B89E001BFE1E /* PaletteActionButtonsView.swift */,
				12CDFAE22986B853001BFE1E /* PaletteDesignButtonsView.swift */,
				12633C1E2984F6BE0057AF14 /* PegView.swift */,
				1215D675298011200086F526 /* BoardView.swift */,
				129DE90E29967D2100EB08CC /* BallView.swift */,
				129DE90C29953E3100EB08CC /* GameView.swift */,
			);
			path = Views;
			sourceTree = "<group>";
		};
		12A26FB4297F86450080DFC1 = {
			isa = PBXGroup;
			children = (
				1215D62E298009E90086F526 /* README.md */,
				12A26FBF297F86450080DFC1 /* Peggle */,
				12A26FD1297F86460080DFC1 /* PeggleTests */,
				12A26FBE297F86450080DFC1 /* Products */,
			);
			sourceTree = "<group>";
		};
		12A26FBE297F86450080DFC1 /* Products */ = {
			isa = PBXGroup;
			children = (
				12A26FBD297F86450080DFC1 /* Peggle.app */,
				12A26FCE297F86460080DFC1 /* PeggleTests.xctest */,
				12A26FD8297F86460080DFC1 /* PeggleUITests.xctest */,
			);
			name = Products;
			sourceTree = "<group>";
		};
		12A26FBF297F86450080DFC1 /* Peggle */ = {
			isa = PBXGroup;
			children = (
				129A2016298FABA300C32F57 /* Views */,
				12CDFAE82986C835001BFE1E /* Assets.xcassets */,
				12CDFAE62986BA63001BFE1E /* Storage */,
				1215D67B2980212D0086F526 /* Models */,
				1215D67329800E5A0086F526 /* assets */,
				12A26FC0297F86450080DFC1 /* PeggleApp.swift */,
				12A26FC6297F86450080DFC1 /* Peggle.entitlements */,
				12A26FC7297F86450080DFC1 /* Preview Content */,
			);
			path = Peggle;
			sourceTree = "<group>";
		};
		12A26FC7297F86450080DFC1 /* Preview Content */ = {
			isa = PBXGroup;
			children = (
				12A26FC8297F86450080DFC1 /* Preview Assets.xcassets */,
			);
			path = "Preview Content";
			sourceTree = "<group>";
		};
		12A26FD1297F86460080DFC1 /* PeggleTests */ = {
			isa = PBXGroup;
			children = (
				12633C1A2984DA880057AF14 /* BoardTests.swift */,
				12633C1C2984DD370057AF14 /* PegTests.swift */,
			);
			path = PeggleTests;
			sourceTree = "<group>";
		};
		12CDFAE62986BA63001BFE1E /* Storage */ = {
			isa = PBXGroup;
			children = (
				12EEE6AB298142D200E2FFEA /* BoardStore.swift */,
			);
			path = Storage;
			sourceTree = "<group>";
		};
/* End PBXGroup section */

/* Begin PBXNativeTarget section */
		12A26FBC297F86450080DFC1 /* Peggle */ = {
			isa = PBXNativeTarget;
			buildConfigurationList = 12A26FE2297F86460080DFC1 /* Build configuration list for PBXNativeTarget "Peggle" */;
			buildPhases = (
				12A26FB9297F86450080DFC1 /* Sources */,
				12A26FBA297F86450080DFC1 /* Frameworks */,
				12A26FBB297F86450080DFC1 /* Resources */,
				1283E495299911B300F1EBE0 /* ShellScript */,
			);
			buildRules = (
			);
			dependencies = (
			);
			name = Peggle;
			productName = Peggle;
			productReference = 12A26FBD297F86450080DFC1 /* Peggle.app */;
			productType = "com.apple.product-type.application";
		};
		12A26FCD297F86460080DFC1 /* PeggleTests */ = {
			isa = PBXNativeTarget;
			buildConfigurationList = 12A26FE5297F86460080DFC1 /* Build configuration list for PBXNativeTarget "PeggleTests" */;
			buildPhases = (
				12A26FCA297F86460080DFC1 /* Sources */,
				12A26FCB297F86460080DFC1 /* Frameworks */,
				12A26FCC297F86460080DFC1 /* Resources */,
			);
			buildRules = (
			);
			dependencies = (
				12A26FD0297F86460080DFC1 /* PBXTargetDependency */,
			);
			name = PeggleTests;
			productName = PeggleTests;
			productReference = 12A26FCE297F86460080DFC1 /* PeggleTests.xctest */;
			productType = "com.apple.product-type.bundle.unit-test";
		};
		12A26FD7297F86460080DFC1 /* PeggleUITests */ = {
			isa = PBXNativeTarget;
			buildConfigurationList = 12A26FE8297F86460080DFC1 /* Build configuration list for PBXNativeTarget "PeggleUITests" */;
			buildPhases = (
				12A26FD4297F86460080DFC1 /* Sources */,
				12A26FD5297F86460080DFC1 /* Frameworks */,
				12A26FD6297F86460080DFC1 /* Resources */,
			);
			buildRules = (
			);
			dependencies = (
				12A26FDA297F86460080DFC1 /* PBXTargetDependency */,
			);
			name = PeggleUITests;
			productName = PeggleUITests;
			productReference = 12A26FD8297F86460080DFC1 /* PeggleUITests.xctest */;
			productType = "com.apple.product-type.bundle.ui-testing";
		};
/* End PBXNativeTarget section */

/* Begin PBXProject section */
		12A26FB5297F86450080DFC1 /* Project object */ = {
			isa = PBXProject;
			attributes = {
				BuildIndependentTargetsInParallel = 1;
				LastSwiftUpdateCheck = 1420;
				LastUpgradeCheck = 1420;
				TargetAttributes = {
					12A26FBC297F86450080DFC1 = {
						CreatedOnToolsVersion = 14.2;
					};
					12A26FCD297F86460080DFC1 = {
						CreatedOnToolsVersion = 14.2;
						TestTargetID = 12A26FBC297F86450080DFC1;
					};
					12A26FD7297F86460080DFC1 = {
						CreatedOnToolsVersion = 14.2;
						TestTargetID = 12A26FBC297F86450080DFC1;
					};
				};
			};
			buildConfigurationList = 12A26FB8297F86450080DFC1 /* Build configuration list for PBXProject "Peggle" */;
			compatibilityVersion = "Xcode 14.0";
			developmentRegion = en;
			hasScannedForEncodings = 0;
			knownRegions = (
				en,
				Base,
			);
			mainGroup = 12A26FB4297F86450080DFC1;
			productRefGroup = 12A26FBE297F86450080DFC1 /* Products */;
			projectDirPath = "";
			projectRoot = "";
			targets = (
				12A26FBC297F86450080DFC1 /* Peggle */,
				12A26FCD297F86460080DFC1 /* PeggleTests */,
				12A26FD7297F86460080DFC1 /* PeggleUITests */,
			);
		};
/* End PBXProject section */

/* Begin PBXResourcesBuildPhase section */
		12A26FBB297F86450080DFC1 /* Resources */ = {
			isa = PBXResourcesBuildPhase;
			buildActionMask = 2147483647;
			files = (
				12F71548298764C400EE0042 /* Assets.xcassets in Resources */,
				1215D62F298009E90086F526 /* README.md in Resources */,
				1215D67429800E5A0086F526 /* assets in Resources */,
				12A26FC9297F86450080DFC1 /* Preview Assets.xcassets in Resources */,
			);
			runOnlyForDeploymentPostprocessing = 0;
		};
		12A26FCC297F86460080DFC1 /* Resources */ = {
			isa = PBXResourcesBuildPhase;
			buildActionMask = 2147483647;
			files = (
			);
			runOnlyForDeploymentPostprocessing = 0;
		};
		12A26FD6297F86460080DFC1 /* Resources */ = {
			isa = PBXResourcesBuildPhase;
			buildActionMask = 2147483647;
			files = (
			);
			runOnlyForDeploymentPostprocessing = 0;
		};
/* End PBXResourcesBuildPhase section */

/* Begin PBXShellScriptBuildPhase section */
		1283E495299911B300F1EBE0 /* ShellScript */ = {
			isa = PBXShellScriptBuildPhase;
			buildActionMask = 2147483647;
			files = (
			);
			inputFileListPaths = (
			);
			inputPaths = (
			);
			outputFileListPaths = (
			);
			outputPaths = (
			);
			runOnlyForDeploymentPostprocessing = 0;
			shellPath = /bin/sh;
			shellScript = "# Type a script or drag a script file from your workspace to insert its path.\n\nexit 0 \n\nif test -d \"/opt/homebrew/bin/\"; then\n  PATH=\"/opt/homebrew/bin/:${PATH}\"\nfi\n\nexport PATH\n\nif which swiftlint >/dev/null; then\n  swiftlint --fix && swiftlint\nelse\n  echo \"warning: SwiftLint not installed, download from https://github.com/realm/SwiftLint\"\nfi\n";
		};
/* End PBXShellScriptBuildPhase section */

/* Begin PBXSourcesBuildPhase section */
		12A26FB9297F86450080DFC1 /* Sources */ = {
			isa = PBXSourcesBuildPhase;
			buildActionMask = 2147483647;
			files = (
				12CDFAE32986B854001BFE1E /* PaletteDesignButtonsView.swift in Sources */,
				12A26FC1297F86450080DFC1 /* PeggleApp.swift in Sources */,
				12CF51052986D35E00D2D1C8 /* Board.swift in Sources */,
				12CF51062986D35E00D2D1C8 /* Peg.swift in Sources */,
				12CDFAE52986B89E001BFE1E /* PaletteActionButtonsView.swift in Sources */,
				129A2001298FA25200C32F57 /* Acceleration.swift in Sources */,
				129A2007298FA3FF00C32F57 /* CircleObject.swift in Sources */,
				1215D67229800CFD0086F526 /* PaletteView.swift in Sources */,
				129DE90F29967D2100EB08CC /* BallView.swift in Sources */,
				129DE9012993DF9D00EB08CC /* Ball.swift in Sources */,
				129A2003298FA28300C32F57 /* Vector.swift in Sources */,
				12EEE6AC298142D200E2FFEA /* BoardStore.swift in Sources */,
				129A200F298FA5FD00C32F57 /* GameEngine.swift in Sources */,
				129A2012298FA60F00C32F57 /* PeggleGameEngine.swift in Sources */,
				129DE90D29953E3100EB08CC /* GameView.swift in Sources */,
				1215D676298011200086F526 /* BoardView.swift in Sources */,
				129A2014298FA68700C32F57 /* RectangleObject.swift in Sources */,
				12633C1F2984F6BE0057AF14 /* PegView.swift in Sources */,
				1283E4942998CA7D00F1EBE0 /* Projection.swift in Sources */,
				129A1FFD298FA17800C32F57 /* PhysicsObject.swift in Sources */,
				129DE90B2995381100EB08CC /* PegPhysicsObject.swift in Sources */,
			);
			runOnlyForDeploymentPostprocessing = 0;
		};
		12A26FCA297F86460080DFC1 /* Sources */ = {
			isa = PBXSourcesBuildPhase;
			buildActionMask = 2147483647;
			files = (
				12633C1B2984DA880057AF14 /* BoardTests.swift in Sources */,
				12633C1D2984DD370057AF14 /* PegTests.swift in Sources */,
			);
			runOnlyForDeploymentPostprocessing = 0;
		};
		12A26FD4297F86460080DFC1 /* Sources */ = {
			isa = PBXSourcesBuildPhase;
			buildActionMask = 2147483647;
			files = (
			);
			runOnlyForDeploymentPostprocessing = 0;
		};
/* End PBXSourcesBuildPhase section */

/* Begin PBXTargetDependency section */
		12A26FD0297F86460080DFC1 /* PBXTargetDependency */ = {
			isa = PBXTargetDependency;
			target = 12A26FBC297F86450080DFC1 /* Peggle */;
			targetProxy = 12A26FCF297F86460080DFC1 /* PBXContainerItemProxy */;
		};
		12A26FDA297F86460080DFC1 /* PBXTargetDependency */ = {
			isa = PBXTargetDependency;
			target = 12A26FBC297F86450080DFC1 /* Peggle */;
			targetProxy = 12A26FD9297F86460080DFC1 /* PBXContainerItemProxy */;
		};
/* End PBXTargetDependency section */

/* Begin XCBuildConfiguration section */
		12A26FE0297F86460080DFC1 /* Debug */ = {
			isa = XCBuildConfiguration;
			buildSettings = {
				ALWAYS_SEARCH_USER_PATHS = NO;
				CLANG_ANALYZER_NONNULL = YES;
				CLANG_ANALYZER_NUMBER_OBJECT_CONVERSION = YES_AGGRESSIVE;
				CLANG_CXX_LANGUAGE_STANDARD = "gnu++20";
				CLANG_ENABLE_MODULES = YES;
				CLANG_ENABLE_OBJC_ARC = YES;
				CLANG_ENABLE_OBJC_WEAK = YES;
				CLANG_WARN_BLOCK_CAPTURE_AUTORELEASING = YES;
				CLANG_WARN_BOOL_CONVERSION = YES;
				CLANG_WARN_COMMA = YES;
				CLANG_WARN_CONSTANT_CONVERSION = YES;
				CLANG_WARN_DEPRECATED_OBJC_IMPLEMENTATIONS = YES;
				CLANG_WARN_DIRECT_OBJC_ISA_USAGE = YES_ERROR;
				CLANG_WARN_DOCUMENTATION_COMMENTS = YES;
				CLANG_WARN_EMPTY_BODY = YES;
				CLANG_WARN_ENUM_CONVERSION = YES;
				CLANG_WARN_INFINITE_RECURSION = YES;
				CLANG_WARN_INT_CONVERSION = YES;
				CLANG_WARN_NON_LITERAL_NULL_CONVERSION = YES;
				CLANG_WARN_OBJC_IMPLICIT_RETAIN_SELF = YES;
				CLANG_WARN_OBJC_LITERAL_CONVERSION = YES;
				CLANG_WARN_OBJC_ROOT_CLASS = YES_ERROR;
				CLANG_WARN_QUOTED_INCLUDE_IN_FRAMEWORK_HEADER = YES;
				CLANG_WARN_RANGE_LOOP_ANALYSIS = YES;
				CLANG_WARN_STRICT_PROTOTYPES = YES;
				CLANG_WARN_SUSPICIOUS_MOVE = YES;
				CLANG_WARN_UNGUARDED_AVAILABILITY = YES_AGGRESSIVE;
				CLANG_WARN_UNREACHABLE_CODE = YES;
				CLANG_WARN__DUPLICATE_METHOD_MATCH = YES;
				COPY_PHASE_STRIP = NO;
				DEBUG_INFORMATION_FORMAT = dwarf;
				ENABLE_STRICT_OBJC_MSGSEND = YES;
				ENABLE_TESTABILITY = YES;
				GCC_C_LANGUAGE_STANDARD = gnu11;
				GCC_DYNAMIC_NO_PIC = NO;
				GCC_NO_COMMON_BLOCKS = YES;
				GCC_OPTIMIZATION_LEVEL = 0;
				GCC_PREPROCESSOR_DEFINITIONS = (
					"DEBUG=1",
					"$(inherited)",
				);
				GCC_WARN_64_TO_32_BIT_CONVERSION = YES;
				GCC_WARN_ABOUT_RETURN_TYPE = YES_ERROR;
				GCC_WARN_UNDECLARED_SELECTOR = YES;
				GCC_WARN_UNINITIALIZED_AUTOS = YES_AGGRESSIVE;
				GCC_WARN_UNUSED_FUNCTION = YES;
				GCC_WARN_UNUSED_VARIABLE = YES;
				IPHONEOS_DEPLOYMENT_TARGET = 16.1;
				MTL_ENABLE_DEBUG_INFO = INCLUDE_SOURCE;
				MTL_FAST_MATH = YES;
				ONLY_ACTIVE_ARCH = YES;
				SWIFT_ACTIVE_COMPILATION_CONDITIONS = DEBUG;
				SWIFT_OPTIMIZATION_LEVEL = "-Onone";
			};
			name = Debug;
		};
		12A26FE1297F86460080DFC1 /* Release */ = {
			isa = XCBuildConfiguration;
			buildSettings = {
				ALWAYS_SEARCH_USER_PATHS = NO;
				CLANG_ANALYZER_NONNULL = YES;
				CLANG_ANALYZER_NUMBER_OBJECT_CONVERSION = YES_AGGRESSIVE;
				CLANG_CXX_LANGUAGE_STANDARD = "gnu++20";
				CLANG_ENABLE_MODULES = YES;
				CLANG_ENABLE_OBJC_ARC = YES;
				CLANG_ENABLE_OBJC_WEAK = YES;
				CLANG_WARN_BLOCK_CAPTURE_AUTORELEASING = YES;
				CLANG_WARN_BOOL_CONVERSION = YES;
				CLANG_WARN_COMMA = YES;
				CLANG_WARN_CONSTANT_CONVERSION = YES;
				CLANG_WARN_DEPRECATED_OBJC_IMPLEMENTATIONS = YES;
				CLANG_WARN_DIRECT_OBJC_ISA_USAGE = YES_ERROR;
				CLANG_WARN_DOCUMENTATION_COMMENTS = YES;
				CLANG_WARN_EMPTY_BODY = YES;
				CLANG_WARN_ENUM_CONVERSION = YES;
				CLANG_WARN_INFINITE_RECURSION = YES;
				CLANG_WARN_INT_CONVERSION = YES;
				CLANG_WARN_NON_LITERAL_NULL_CONVERSION = YES;
				CLANG_WARN_OBJC_IMPLICIT_RETAIN_SELF = YES;
				CLANG_WARN_OBJC_LITERAL_CONVERSION = YES;
				CLANG_WARN_OBJC_ROOT_CLASS = YES_ERROR;
				CLANG_WARN_QUOTED_INCLUDE_IN_FRAMEWORK_HEADER = YES;
				CLANG_WARN_RANGE_LOOP_ANALYSIS = YES;
				CLANG_WARN_STRICT_PROTOTYPES = YES;
				CLANG_WARN_SUSPICIOUS_MOVE = YES;
				CLANG_WARN_UNGUARDED_AVAILABILITY = YES_AGGRESSIVE;
				CLANG_WARN_UNREACHABLE_CODE = YES;
				CLANG_WARN__DUPLICATE_METHOD_MATCH = YES;
				COPY_PHASE_STRIP = NO;
				DEBUG_INFORMATION_FORMAT = "dwarf-with-dsym";
				ENABLE_NS_ASSERTIONS = NO;
				ENABLE_STRICT_OBJC_MSGSEND = YES;
				GCC_C_LANGUAGE_STANDARD = gnu11;
				GCC_NO_COMMON_BLOCKS = YES;
				GCC_WARN_64_TO_32_BIT_CONVERSION = YES;
				GCC_WARN_ABOUT_RETURN_TYPE = YES_ERROR;
				GCC_WARN_UNDECLARED_SELECTOR = YES;
				GCC_WARN_UNINITIALIZED_AUTOS = YES_AGGRESSIVE;
				GCC_WARN_UNUSED_FUNCTION = YES;
				GCC_WARN_UNUSED_VARIABLE = YES;
				IPHONEOS_DEPLOYMENT_TARGET = 16.1;
				MTL_ENABLE_DEBUG_INFO = NO;
				MTL_FAST_MATH = YES;
				SWIFT_COMPILATION_MODE = wholemodule;
				SWIFT_OPTIMIZATION_LEVEL = "-O";
			};
			name = Release;
		};
		12A26FE3297F86460080DFC1 /* Debug */ = {
			isa = XCBuildConfiguration;
			buildSettings = {
				ASSETCATALOG_COMPILER_APPICON_NAME = AppIcon;
				ASSETCATALOG_COMPILER_GLOBAL_ACCENT_COLOR_NAME = AccentColor;
				CODE_SIGN_ENTITLEMENTS = Peggle/Peggle.entitlements;
				CODE_SIGN_STYLE = Automatic;
				CURRENT_PROJECT_VERSION = 1;
				DEVELOPMENT_ASSET_PATHS = "\"Peggle/Preview Content\"";
				DEVELOPMENT_TEAM = ZR5Q6K8Q24;
				ENABLE_HARDENED_RUNTIME = YES;
				ENABLE_PREVIEWS = YES;
				GENERATE_INFOPLIST_FILE = YES;
				"INFOPLIST_KEY_UIApplicationSceneManifest_Generation[sdk=iphoneos*]" = YES;
				"INFOPLIST_KEY_UIApplicationSceneManifest_Generation[sdk=iphonesimulator*]" = YES;
				"INFOPLIST_KEY_UIApplicationSupportsIndirectInputEvents[sdk=iphoneos*]" = YES;
				"INFOPLIST_KEY_UIApplicationSupportsIndirectInputEvents[sdk=iphonesimulator*]" = YES;
				"INFOPLIST_KEY_UILaunchScreen_Generation[sdk=iphoneos*]" = YES;
				"INFOPLIST_KEY_UILaunchScreen_Generation[sdk=iphonesimulator*]" = YES;
				"INFOPLIST_KEY_UIStatusBarStyle[sdk=iphoneos*]" = UIStatusBarStyleDefault;
				"INFOPLIST_KEY_UIStatusBarStyle[sdk=iphonesimulator*]" = UIStatusBarStyleDefault;
				INFOPLIST_KEY_UISupportedInterfaceOrientations_iPad = "UIInterfaceOrientationPortrait UIInterfaceOrientationPortraitUpsideDown UIInterfaceOrientationLandscapeLeft UIInterfaceOrientationLandscapeRight";
				INFOPLIST_KEY_UISupportedInterfaceOrientations_iPhone = "UIInterfaceOrientationPortrait UIInterfaceOrientationLandscapeLeft UIInterfaceOrientationLandscapeRight";
				IPHONEOS_DEPLOYMENT_TARGET = 16.0;
				LD_RUNPATH_SEARCH_PATHS = "@executable_path/Frameworks";
				"LD_RUNPATH_SEARCH_PATHS[sdk=macosx*]" = "@executable_path/../Frameworks";
				MACOSX_DEPLOYMENT_TARGET = 13.1;
				MARKETING_VERSION = 1.0;
				PRODUCT_BUNDLE_IDENTIFIER = PeggleOrganization.Peggle;
				PRODUCT_NAME = "$(TARGET_NAME)";
				SDKROOT = auto;
				SUPPORTED_PLATFORMS = "iphoneos iphonesimulator macosx";
				SWIFT_EMIT_LOC_STRINGS = YES;
				SWIFT_VERSION = 5.0;
				TARGETED_DEVICE_FAMILY = "1,2";
			};
			name = Debug;
		};
		12A26FE4297F86460080DFC1 /* Release */ = {
			isa = XCBuildConfiguration;
			buildSettings = {
				ASSETCATALOG_COMPILER_APPICON_NAME = AppIcon;
				ASSETCATALOG_COMPILER_GLOBAL_ACCENT_COLOR_NAME = AccentColor;
				CODE_SIGN_ENTITLEMENTS = Peggle/Peggle.entitlements;
				CODE_SIGN_STYLE = Automatic;
				CURRENT_PROJECT_VERSION = 1;
				DEVELOPMENT_ASSET_PATHS = "\"Peggle/Preview Content\"";
				DEVELOPMENT_TEAM = ZR5Q6K8Q24;
				ENABLE_HARDENED_RUNTIME = YES;
				ENABLE_PREVIEWS = YES;
				GENERATE_INFOPLIST_FILE = YES;
				"INFOPLIST_KEY_UIApplicationSceneManifest_Generation[sdk=iphoneos*]" = YES;
				"INFOPLIST_KEY_UIApplicationSceneManifest_Generation[sdk=iphonesimulator*]" = YES;
				"INFOPLIST_KEY_UIApplicationSupportsIndirectInputEvents[sdk=iphoneos*]" = YES;
				"INFOPLIST_KEY_UIApplicationSupportsIndirectInputEvents[sdk=iphonesimulator*]" = YES;
				"INFOPLIST_KEY_UILaunchScreen_Generation[sdk=iphoneos*]" = YES;
				"INFOPLIST_KEY_UILaunchScreen_Generation[sdk=iphonesimulator*]" = YES;
				"INFOPLIST_KEY_UIStatusBarStyle[sdk=iphoneos*]" = UIStatusBarStyleDefault;
				"INFOPLIST_KEY_UIStatusBarStyle[sdk=iphonesimulator*]" = UIStatusBarStyleDefault;
				INFOPLIST_KEY_UISupportedInterfaceOrientations_iPad = "UIInterfaceOrientationPortrait UIInterfaceOrientationPortraitUpsideDown UIInterfaceOrientationLandscapeLeft UIInterfaceOrientationLandscapeRight";
				INFOPLIST_KEY_UISupportedInterfaceOrientations_iPhone = "UIInterfaceOrientationPortrait UIInterfaceOrientationLandscapeLeft UIInterfaceOrientationLandscapeRight";
				IPHONEOS_DEPLOYMENT_TARGET = 16.0;
				LD_RUNPATH_SEARCH_PATHS = "@executable_path/Frameworks";
				"LD_RUNPATH_SEARCH_PATHS[sdk=macosx*]" = "@executable_path/../Frameworks";
				MACOSX_DEPLOYMENT_TARGET = 13.1;
				MARKETING_VERSION = 1.0;
				PRODUCT_BUNDLE_IDENTIFIER = PeggleOrganization.Peggle;
				PRODUCT_NAME = "$(TARGET_NAME)";
				SDKROOT = auto;
				SUPPORTED_PLATFORMS = "iphoneos iphonesimulator macosx";
				SWIFT_EMIT_LOC_STRINGS = YES;
				SWIFT_VERSION = 5.0;
				TARGETED_DEVICE_FAMILY = "1,2";
			};
			name = Release;
		};
		12A26FE6297F86460080DFC1 /* Debug */ = {
			isa = XCBuildConfiguration;
			buildSettings = {
				ALWAYS_EMBED_SWIFT_STANDARD_LIBRARIES = YES;
				BUNDLE_LOADER = "$(TEST_HOST)";
				CODE_SIGN_STYLE = Automatic;
				CURRENT_PROJECT_VERSION = 1;
				DEVELOPMENT_TEAM = ZR5Q6K8Q24;
				GENERATE_INFOPLIST_FILE = YES;
				IPHONEOS_DEPLOYMENT_TARGET = 16.2;
				MACOSX_DEPLOYMENT_TARGET = 13.1;
				MARKETING_VERSION = 1.0;
				PRODUCT_BUNDLE_IDENTIFIER = PeggleOrganization.PeggleTests;
				PRODUCT_NAME = "$(TARGET_NAME)";
				SDKROOT = auto;
				SUPPORTED_PLATFORMS = "iphoneos iphonesimulator macosx";
				SWIFT_EMIT_LOC_STRINGS = NO;
				SWIFT_VERSION = 5.0;
				TARGETED_DEVICE_FAMILY = "1,2";
				TEST_HOST = "$(BUILT_PRODUCTS_DIR)/Peggle.app/$(BUNDLE_EXECUTABLE_FOLDER_PATH)/Peggle";
			};
			name = Debug;
		};
		12A26FE7297F86460080DFC1 /* Release */ = {
			isa = XCBuildConfiguration;
			buildSettings = {
				ALWAYS_EMBED_SWIFT_STANDARD_LIBRARIES = YES;
				BUNDLE_LOADER = "$(TEST_HOST)";
				CODE_SIGN_STYLE = Automatic;
				CURRENT_PROJECT_VERSION = 1;
				DEVELOPMENT_TEAM = ZR5Q6K8Q24;
				GENERATE_INFOPLIST_FILE = YES;
				IPHONEOS_DEPLOYMENT_TARGET = 16.2;
				MACOSX_DEPLOYMENT_TARGET = 13.1;
				MARKETING_VERSION = 1.0;
				PRODUCT_BUNDLE_IDENTIFIER = PeggleOrganization.PeggleTests;
				PRODUCT_NAME = "$(TARGET_NAME)";
				SDKROOT = auto;
				SUPPORTED_PLATFORMS = "iphoneos iphonesimulator macosx";
				SWIFT_EMIT_LOC_STRINGS = NO;
				SWIFT_VERSION = 5.0;
				TARGETED_DEVICE_FAMILY = "1,2";
				TEST_HOST = "$(BUILT_PRODUCTS_DIR)/Peggle.app/$(BUNDLE_EXECUTABLE_FOLDER_PATH)/Peggle";
			};
			name = Release;
		};
		12A26FE9297F86460080DFC1 /* Debug */ = {
			isa = XCBuildConfiguration;
			buildSettings = {
				ALWAYS_EMBED_SWIFT_STANDARD_LIBRARIES = YES;
				CODE_SIGN_STYLE = Automatic;
				CURRENT_PROJECT_VERSION = 1;
				DEVELOPMENT_TEAM = ZR5Q6K8Q24;
				GENERATE_INFOPLIST_FILE = YES;
				IPHONEOS_DEPLOYMENT_TARGET = 16.2;
				MACOSX_DEPLOYMENT_TARGET = 13.1;
				MARKETING_VERSION = 1.0;
				PRODUCT_BUNDLE_IDENTIFIER = PeggleOrganization.PeggleUITests;
				PRODUCT_NAME = "$(TARGET_NAME)";
				SDKROOT = auto;
				SUPPORTED_PLATFORMS = "iphoneos iphonesimulator macosx";
				SWIFT_EMIT_LOC_STRINGS = NO;
				SWIFT_VERSION = 5.0;
				TARGETED_DEVICE_FAMILY = "1,2";
				TEST_TARGET_NAME = Peggle;
			};
			name = Debug;
		};
		12A26FEA297F86460080DFC1 /* Release */ = {
			isa = XCBuildConfiguration;
			buildSettings = {
				ALWAYS_EMBED_SWIFT_STANDARD_LIBRARIES = YES;
				CODE_SIGN_STYLE = Automatic;
				CURRENT_PROJECT_VERSION = 1;
				DEVELOPMENT_TEAM = ZR5Q6K8Q24;
				GENERATE_INFOPLIST_FILE = YES;
				IPHONEOS_DEPLOYMENT_TARGET = 16.2;
				MACOSX_DEPLOYMENT_TARGET = 13.1;
				MARKETING_VERSION = 1.0;
				PRODUCT_BUNDLE_IDENTIFIER = PeggleOrganization.PeggleUITests;
				PRODUCT_NAME = "$(TARGET_NAME)";
				SDKROOT = auto;
				SUPPORTED_PLATFORMS = "iphoneos iphonesimulator macosx";
				SWIFT_EMIT_LOC_STRINGS = NO;
				SWIFT_VERSION = 5.0;
				TARGETED_DEVICE_FAMILY = "1,2";
				TEST_TARGET_NAME = Peggle;
			};
			name = Release;
		};
/* End XCBuildConfiguration section */

/* Begin XCConfigurationList section */
		12A26FB8297F86450080DFC1 /* Build configuration list for PBXProject "Peggle" */ = {
			isa = XCConfigurationList;
			buildConfigurations = (
				12A26FE0297F86460080DFC1 /* Debug */,
				12A26FE1297F86460080DFC1 /* Release */,
			);
			defaultConfigurationIsVisible = 0;
			defaultConfigurationName = Release;
		};
		12A26FE2297F86460080DFC1 /* Build configuration list for PBXNativeTarget "Peggle" */ = {
			isa = XCConfigurationList;
			buildConfigurations = (
				12A26FE3297F86460080DFC1 /* Debug */,
				12A26FE4297F86460080DFC1 /* Release */,
			);
			defaultConfigurationIsVisible = 0;
			defaultConfigurationName = Release;
		};
		12A26FE5297F86460080DFC1 /* Build configuration list for PBXNativeTarget "PeggleTests" */ = {
			isa = XCConfigurationList;
			buildConfigurations = (
				12A26FE6297F86460080DFC1 /* Debug */,
				12A26FE7297F86460080DFC1 /* Release */,
			);
			defaultConfigurationIsVisible = 0;
			defaultConfigurationName = Release;
		};
		12A26FE8297F86460080DFC1 /* Build configuration list for PBXNativeTarget "PeggleUITests" */ = {
			isa = XCConfigurationList;
			buildConfigurations = (
				12A26FE9297F86460080DFC1 /* Debug */,
				12A26FEA297F86460080DFC1 /* Release */,
			);
			defaultConfigurationIsVisible = 0;
			defaultConfigurationName = Release;
		};
/* End XCConfigurationList section */
	};
	rootObject = 12A26FB5297F86450080DFC1 /* Project object */;
}
